
Microsoft Visual Studio Solution File, Format Version 12.00
# Visual Studio Version 16
VisualStudioVersion = 16.0.31025.194
MinimumVisualStudioVersion = 10.0.40219.1
Project("{FAE04EC0-301F-11D3-BF4B-00C04F79EFBC}") = "MessageCanguru", "MessageCanguru\MessageCanguru.csproj", "{730FE2EE-6E4A-4DA4-92D0-01A8C89E87CB}"
EndProject
Global
	GlobalSection(SolutionConfigurationPlatforms) = preSolution
		Debug|Any CPU = Debug|Any CPU
		Release|Any CPU = Release|Any CPU
	EndGlobalSection
	GlobalSection(ProjectConfigurationPlatforms) = postSolution
		{730FE2EE-6E4A-4DA4-92D0-01A8C89E87CB}.Debug|Any CPU.ActiveCfg = Debug|Any CPU
		{730FE2EE-6E4A-4DA4-92D0-01A8C89E87CB}.Debug|Any CPU.Build.0 = Debug|Any CPU
		{730FE2EE-6E4A-4DA4-92D0-01A8C89E87CB}.Release|Any CPU.ActiveCfg = Release|Any CPU
		{730FE2EE-6E4A-4DA4-92D0-01A8C89E87CB}.Release|Any CPU.Build.0 = Release|Any CPU
	EndGlobalSection
	GlobalSection(SolutionProperties) = preSolution
		HideSolutionNode = FALSE
	EndGlobalSection
	GlobalSection(ExtensibilityGlobals) = postSolution
		SolutionGuid = {ABEECA31-7AF4-4E93-91BC-7BC4EF758004}
	EndGlobalSection
EndGlobal
